SITE
  remote: http://community.opscode.com/api/v1
  specs:
    apt (1.2.2)
    aws (0.99.1)
    database (1.1.0)
      aws (>= 0.0.0)
      mysql (>= 1.2.0)
      postgresql (>= 0.0.0)
      xfs (>= 0.0.0)
    openssl (1.0.0)
    postgresql (0.99.2)
      openssl (>= 0.0.0)
    vim (1.0.2)
    xfs (1.0.0)

GIT
  remote: git://github.com/fnichol/chef-rvm.git
  ref: master
  sha: afe8b2d6afeae145f5290fd4e4ae7479297a6399
  specs:
    rvm (0.8.7)

GIT
  remote: git://github.com/xforty/chef-initdb.git
  ref: master
  sha: 7cf0289a5a78ef3fc36d3cebebd68b1c27254480
  specs:
    initdb (0.0.1)
      database (>= 0.0.0)

GIT
  remote: git://github.com/xforty/chef-xforty.git
  ref: master
  sha: 21a3df4e56c98134da8c25c6abe4dbc5d6e623af
  specs:
    xforty (0.0.1)
      apt (>= 0.0.0)
      vim (>= 0.0.0)

GIT
  remote: git://github.com/xforty/cookbooks.git
  path: mysql
  ref: master
  sha: 5f4665dea396a4ce277a4a2d2c0e326c885a57ec
  specs:
    mysql (1.2.2)
      openssl (>= 0.0.0)

DEPENDENCIES
  database (= 1.1.0)
  initdb (>= 0)
  mysql (>= 0)
  postgresql (= 0.99.2)
  rvm (>= 0)
  xforty (>= 0)

